
Microsoft Visual Studio Solution File, Format Version 12.00
# Visual Studio Version 17
VisualStudioVersion = 17.4.33110.190
MinimumVisualStudioVersion = 10.0.40219.1
Project("{9A19103F-16F7-4668-BE54-9A1E7A4F7556}") = "Day00", "Day00\Day00.csproj", "{7864723C-1C91-45A7-B415-DFB795EE52E0}"
EndProject
Project("{9A19103F-16F7-4668-BE54-9A1E7A4F7556}") = "AoCUtils", "AoCUtils\AoCUtils.csproj", "{E13A2398-2792-4E22-BD7E-5520E367E515}"
EndProject
Project("{9A19103F-16F7-4668-BE54-9A1E7A4F7556}") = "Day01", "Day01\Day01.csproj", "{D73E355E-1CDC-4FDD-BA7C-838D33F34D41}"
EndProject
Project("{9A19103F-16F7-4668-BE54-9A1E7A4F7556}") = "Day02", "Day02\Day02.csproj", "{ECC75F3C-D655-4CE9-A167-37187AD267F8}"
EndProject
Project("{9A19103F-16F7-4668-BE54-9A1E7A4F7556}") = "Day03", "Day03\Day03.csproj", "{02A8F7D6-5931-4D51-AFB5-165F4A310C54}"
EndProject
Project("{9A19103F-16F7-4668-BE54-9A1E7A4F7556}") = "Day04", "Day04\Day04.csproj", "{799B28FA-F8A5-41BC-9470-8EE9F597C2D4}"
EndProject
Project("{9A19103F-16F7-4668-BE54-9A1E7A4F7556}") = "Day05", "Day05\Day05.csproj", "{003F9E8E-439E-4A06-A617-80611621DF52}"
EndProject
Project("{9A19103F-16F7-4668-BE54-9A1E7A4F7556}") = "Day06", "Day06\Day06.csproj", "{13240425-65AF-4AA0-89DC-B35542443289}"
EndProject
Project("{9A19103F-16F7-4668-BE54-9A1E7A4F7556}") = "Day07", "Day07\Day07.csproj", "{D9786FBB-7741-4776-824E-9557A9C96E47}"
EndProject
Project("{9A19103F-16F7-4668-BE54-9A1E7A4F7556}") = "Day08", "Day08\Day08.csproj", "{181C7DCA-AE68-46D5-9C8E-16877622F7BF}"
EndProject
Project("{9A19103F-16F7-4668-BE54-9A1E7A4F7556}") = "Day09", "Day09\Day09.csproj", "{91EF4392-912F-4C1B-A308-B312D458D918}"
EndProject
Project("{9A19103F-16F7-4668-BE54-9A1E7A4F7556}") = "Day10", "Day10\Day10.csproj", "{3DEA04B1-9BCA-40DE-87AD-54BEE4B3DF06}"
EndProject
Project("{9A19103F-16F7-4668-BE54-9A1E7A4F7556}") = "Day11", "Day11\Day11.csproj", "{5F0A26A0-7A88-4D7A-B428-9DFAAAA61FDE}"
EndProject
Project("{9A19103F-16F7-4668-BE54-9A1E7A4F7556}") = "Day12", "Day12\Day12.csproj", "{18B10AF6-75B6-4CB0-BC3C-44B7CE8BD065}"
EndProject
Project("{9A19103F-16F7-4668-BE54-9A1E7A4F7556}") = "Day13", "Day13\Day13.csproj", "{6A3C25EC-1F53-4D60-9FC0-292DA089FEB4}"
EndProject
Project("{9A19103F-16F7-4668-BE54-9A1E7A4F7556}") = "Day14", "Day14\Day14.csproj", "{0F16192A-32CF-483B-8ECF-9CB91245394B}"
EndProject
Project("{9A19103F-16F7-4668-BE54-9A1E7A4F7556}") = "Day20", "Day20\Day20.csproj", "{3AD44545-E50B-476E-B268-6F338E34EF55}"
EndProject
Global
	GlobalSection(SolutionConfigurationPlatforms) = preSolution
		Debug|Any CPU = Debug|Any CPU
		Release|Any CPU = Release|Any CPU
	EndGlobalSection
	GlobalSection(ProjectConfigurationPlatforms) = postSolution
		{7864723C-1C91-45A7-B415-DFB795EE52E0}.Debug|Any CPU.ActiveCfg = Debug|Any CPU
		{7864723C-1C91-45A7-B415-DFB795EE52E0}.Debug|Any CPU.Build.0 = Debug|Any CPU
		{7864723C-1C91-45A7-B415-DFB795EE52E0}.Release|Any CPU.ActiveCfg = Release|Any CPU
		{7864723C-1C91-45A7-B415-DFB795EE52E0}.Release|Any CPU.Build.0 = Release|Any CPU
		{E13A2398-2792-4E22-BD7E-5520E367E515}.Debug|Any CPU.ActiveCfg = Debug|Any CPU
		{E13A2398-2792-4E22-BD7E-5520E367E515}.Debug|Any CPU.Build.0 = Debug|Any CPU
		{E13A2398-2792-4E22-BD7E-5520E367E515}.Release|Any CPU.ActiveCfg = Release|Any CPU
		{E13A2398-2792-4E22-BD7E-5520E367E515}.Release|Any CPU.Build.0 = Release|Any CPU
		{D73E355E-1CDC-4FDD-BA7C-838D33F34D41}.Debug|Any CPU.ActiveCfg = Debug|Any CPU
		{D73E355E-1CDC-4FDD-BA7C-838D33F34D41}.Debug|Any CPU.Build.0 = Debug|Any CPU
		{D73E355E-1CDC-4FDD-BA7C-838D33F34D41}.Release|Any CPU.ActiveCfg = Release|Any CPU
		{D73E355E-1CDC-4FDD-BA7C-838D33F34D41}.Release|Any CPU.Build.0 = Release|Any CPU
		{ECC75F3C-D655-4CE9-A167-37187AD267F8}.Debug|Any CPU.ActiveCfg = Debug|Any CPU
		{ECC75F3C-D655-4CE9-A167-37187AD267F8}.Debug|Any CPU.Build.0 = Debug|Any CPU
		{ECC75F3C-D655-4CE9-A167-37187AD267F8}.Release|Any CPU.ActiveCfg = Release|Any CPU
		{ECC75F3C-D655-4CE9-A167-37187AD267F8}.Release|Any CPU.Build.0 = Release|Any CPU
		{02A8F7D6-5931-4D51-AFB5-165F4A310C54}.Debug|Any CPU.ActiveCfg = Debug|Any CPU
		{02A8F7D6-5931-4D51-AFB5-165F4A310C54}.Debug|Any CPU.Build.0 = Debug|Any CPU
		{02A8F7D6-5931-4D51-AFB5-165F4A310C54}.Release|Any CPU.ActiveCfg = Release|Any CPU
		{02A8F7D6-5931-4D51-AFB5-165F4A310C54}.Release|Any CPU.Build.0 = Release|Any CPU
		{799B28FA-F8A5-41BC-9470-8EE9F597C2D4}.Debug|Any CPU.ActiveCfg = Debug|Any CPU
		{799B28FA-F8A5-41BC-9470-8EE9F597C2D4}.Debug|Any CPU.Build.0 = Debug|Any CPU
		{799B28FA-F8A5-41BC-9470-8EE9F597C2D4}.Release|Any CPU.ActiveCfg = Release|Any CPU
		{799B28FA-F8A5-41BC-9470-8EE9F597C2D4}.Release|Any CPU.Build.0 = Release|Any CPU
		{003F9E8E-439E-4A06-A617-80611621DF52}.Debug|Any CPU.ActiveCfg = Debug|Any CPU
		{003F9E8E-439E-4A06-A617-80611621DF52}.Debug|Any CPU.Build.0 = Debug|Any CPU
		{003F9E8E-439E-4A06-A617-80611621DF52}.Release|Any CPU.ActiveCfg = Release|Any CPU
		{003F9E8E-439E-4A06-A617-80611621DF52}.Release|Any CPU.Build.0 = Release|Any CPU
		{13240425-65AF-4AA0-89DC-B35542443289}.Debug|Any CPU.ActiveCfg = Debug|Any CPU
		{13240425-65AF-4AA0-89DC-B35542443289}.Debug|Any CPU.Build.0 = Debug|Any CPU
		{13240425-65AF-4AA0-89DC-B35542443289}.Release|Any CPU.ActiveCfg = Release|Any CPU
		{13240425-65AF-4AA0-89DC-B35542443289}.Release|Any CPU.Build.0 = Release|Any CPU
		{D9786FBB-7741-4776-824E-9557A9C96E47}.Debug|Any CPU.ActiveCfg = Debug|Any CPU
		{D9786FBB-7741-4776-824E-9557A9C96E47}.Debug|Any CPU.Build.0 = Debug|Any CPU
		{D9786FBB-7741-4776-824E-9557A9C96E47}.Release|Any CPU.ActiveCfg = Release|Any CPU
		{D9786FBB-7741-4776-824E-9557A9C96E47}.Release|Any CPU.Build.0 = Release|Any CPU
		{181C7DCA-AE68-46D5-9C8E-16877622F7BF}.Debug|Any CPU.ActiveCfg = Debug|Any CPU
		{181C7DCA-AE68-46D5-9C8E-16877622F7BF}.Debug|Any CPU.Build.0 = Debug|Any CPU
		{181C7DCA-AE68-46D5-9C8E-16877622F7BF}.Release|Any CPU.ActiveCfg = Release|Any CPU
		{181C7DCA-AE68-46D5-9C8E-16877622F7BF}.Release|Any CPU.Build.0 = Release|Any CPU
		{91EF4392-912F-4C1B-A308-B312D458D918}.Debug|Any CPU.ActiveCfg = Debug|Any CPU
		{91EF4392-912F-4C1B-A308-B312D458D918}.Debug|Any CPU.Build.0 = Debug|Any CPU
		{91EF4392-912F-4C1B-A308-B312D458D918}.Release|Any CPU.ActiveCfg = Release|Any CPU
		{91EF4392-912F-4C1B-A308-B312D458D918}.Release|Any CPU.Build.0 = Release|Any CPU
		{3DEA04B1-9BCA-40DE-87AD-54BEE4B3DF06}.Debug|Any CPU.ActiveCfg = Debug|Any CPU
		{3DEA04B1-9BCA-40DE-87AD-54BEE4B3DF06}.Debug|Any CPU.Build.0 = Debug|Any CPU
		{3DEA04B1-9BCA-40DE-87AD-54BEE4B3DF06}.Release|Any CPU.ActiveCfg = Release|Any CPU
		{3DEA04B1-9BCA-40DE-87AD-54BEE4B3DF06}.Release|Any CPU.Build.0 = Release|Any CPU
		{5F0A26A0-7A88-4D7A-B428-9DFAAAA61FDE}.Debug|Any CPU.ActiveCfg = Debug|Any CPU
		{5F0A26A0-7A88-4D7A-B428-9DFAAAA61FDE}.Debug|Any CPU.Build.0 = Debug|Any CPU
		{5F0A26A0-7A88-4D7A-B428-9DFAAAA61FDE}.Release|Any CPU.ActiveCfg = Release|Any CPU
		{5F0A26A0-7A88-4D7A-B428-9DFAAAA61FDE}.Release|Any CPU.Build.0 = Release|Any CPU
		{18B10AF6-75B6-4CB0-BC3C-44B7CE8BD065}.Debug|Any CPU.ActiveCfg = Debug|Any CPU
		{18B10AF6-75B6-4CB0-BC3C-44B7CE8BD065}.Debug|Any CPU.Build.0 = Debug|Any CPU
		{18B10AF6-75B6-4CB0-BC3C-44B7CE8BD065}.Release|Any CPU.ActiveCfg = Release|Any CPU
		{18B10AF6-75B6-4CB0-BC3C-44B7CE8BD065}.Release|Any CPU.Build.0 = Release|Any CPU
		{6A3C25EC-1F53-4D60-9FC0-292DA089FEB4}.Debug|Any CPU.ActiveCfg = Debug|Any CPU
		{6A3C25EC-1F53-4D60-9FC0-292DA089FEB4}.Debug|Any CPU.Build.0 = Debug|Any CPU
		{6A3C25EC-1F53-4D60-9FC0-292DA089FEB4}.Release|Any CPU.ActiveCfg = Release|Any CPU
		{6A3C25EC-1F53-4D60-9FC0-292DA089FEB4}.Release|Any CPU.Build.0 = Release|Any CPU
		{0F16192A-32CF-483B-8ECF-9CB91245394B}.Debug|Any CPU.ActiveCfg = Debug|Any CPU
		{0F16192A-32CF-483B-8ECF-9CB91245394B}.Debug|Any CPU.Build.0 = Debug|Any CPU
		{0F16192A-32CF-483B-8ECF-9CB91245394B}.Release|Any CPU.ActiveCfg = Release|Any CPU
		{0F16192A-32CF-483B-8ECF-9CB91245394B}.Release|Any CPU.Build.0 = Release|Any CPU
		{3AD44545-E50B-476E-B268-6F338E34EF55}.Debug|Any CPU.ActiveCfg = Debug|Any CPU
		{3AD44545-E50B-476E-B268-6F338E34EF55}.Debug|Any CPU.Build.0 = Debug|Any CPU
		{3AD44545-E50B-476E-B268-6F338E34EF55}.Release|Any CPU.ActiveCfg = Release|Any CPU
		{3AD44545-E50B-476E-B268-6F338E34EF55}.Release|Any CPU.Build.0 = Release|Any CPU
	EndGlobalSection
	GlobalSection(SolutionProperties) = preSolution
		HideSolutionNode = FALSE
	EndGlobalSection
	GlobalSection(ExtensibilityGlobals) = postSolution
		SolutionGuid = {1453A144-3349-415F-9ABD-3DAE0C845694}
	EndGlobalSection
EndGlobal
